{
  "version": 4,
  "terraform_version": "1.1.9",
  "serial": 5,
  "lineage": "9f862e33-376f-a97e-1f7b-478fafd8413c",
  "outputs": {},
  "resources": [
    {
      "mode": "data",
      "type": "confluent_kafka_cluster",
      "name": "basic",
      "provider": "provider[\"registry.terraform.io/confluentinc/confluent\"]",
      "instances": [
        {
          "schema_version": 0,
          "attributes": {
            "api_version": "cmk/v2",
            "availability": "SINGLE_ZONE",
            "basic": [
              {}
            ],
            "bootstrap_endpoint": "SASL_SSL://pkc-n00kk.us-east-1.aws.confluent.cloud:9092",
            "cloud": "AWS",
            "dedicated": [],
            "display_name": "test_Basic",
            "environment": [
              {
                "id": "env-d2m7y"
              }
            ],
            "id": "lkc-w7dmgm",
            "kind": "Cluster",
            "network": [
              {
                "id": ""
              }
            ],
            "rbac_crn": "crn://confluent.cloud/organization=574976ba-6bee-4ee0-ae65-f3d9e240baa3/environment=env-d2m7y/cloud-cluster=lkc-w7dmgm",
            "region": "us-east-1",
            "rest_endpoint": "https://pkc-n00kk.us-east-1.aws.confluent.cloud:443",
            "standard": []
          },
          "sensitive_attributes": []
        }
      ]
    },
    {
      "mode": "managed",
      "type": "confluent_api_key",
      "name": "app-manager-kafka-api-key",
      "provider": "provider[\"registry.terraform.io/confluentinc/confluent\"]",
      "instances": [
        {
          "schema_version": 0,
          "attributes": {
            "description": "",
            "disable_wait_for_ready": false,
            "display_name": "app-manager-kafka-api-key",
            "id": "YWQ2SSCAC6EBAGCM",
            "managed_resource": [
              {
                "api_version": "cmk/v2",
                "environment": [
                  {
                    "id": "env-d2m7y"
                  }
                ],
                "id": "lkc-w7dmgm",
                "kind": "Cluster"
              }
            ],
            "owner": [
              {
                "api_version": "iam/v2",
                "id": "sa-9wj30y",
                "kind": "ServiceAccount"
              }
            ],
            "secret": "+Qd5AlHcqB736kzH+7g21Ih8ETKdtGcF0hwItjQITaGuyBZS/6IWyXQG3b+8ibt+"
          },
          "sensitive_attributes": [],
          "private": "bnVsbA==",
          "dependencies": [
            "data.confluent_kafka_cluster.basic"
          ]
        }
      ]
    }
  ]
}
