{
  "version": 4,
  "terraform_version": "1.1.9",
  "serial": 4,
  "lineage": "c5ccd1b6-378d-1288-3e72-f11b839a89e3",
  "outputs": {},
  "resources": [
    {
      "mode": "managed",
      "type": "confluent_api_key",
      "name": "app-manager-kafka-api-key",
      "provider": "provider[\"registry.terraform.io/confluentinc/confluent\"]",
      "instances": []
    },
    {
      "mode": "managed",
      "type": "confluent_environment",
      "name": "SAMI",
      "provider": "provider[\"registry.terraform.io/confluentinc/confluent\"]",
      "instances": [
        {
          "schema_version": 0,
          "attributes": {
            "display_name": "SAMI",
            "id": "env-pg2m0m",
            "resource_name": "crn://confluent.cloud/organization=574976ba-6bee-4ee0-ae65-f3d9e240baa3/environment=env-pg2m0m"
          },
          "sensitive_attributes": [],
          "private": "bnVsbA=="
        }
      ]
    },
    {
      "mode": "managed",
      "type": "confluent_kafka_cluster",
      "name": "basic",
      "provider": "provider[\"registry.terraform.io/confluentinc/confluent\"]",
      "instances": [
        {
          "schema_version": 1,
          "attributes": {
            "api_version": "cmk/v2",
            "availability": "SINGLE_ZONE",
            "basic": [
              {}
            ],
            "bootstrap_endpoint": "SASL_SSL://pkc-n00kk.us-east-1.aws.confluent.cloud:9092",
            "cloud": "AWS",
            "dedicated": [],
            "display_name": "TEST_BASIC",
            "environment": [
              {
                "id": "env-pg2m0m"
              }
            ],
            "id": "lkc-oqqnv9",
            "kind": "Cluster",
            "network": [
              {
                "id": ""
              }
            ],
            "rbac_crn": "crn://confluent.cloud/organization=574976ba-6bee-4ee0-ae65-f3d9e240baa3/environment=env-pg2m0m/cloud-cluster=lkc-oqqnv9",
            "region": "us-east-1",
            "rest_endpoint": "https://pkc-n00kk.us-east-1.aws.confluent.cloud:443",
            "standard": [],
            "timeouts": null
          },
          "sensitive_attributes": [],
          "private": "eyJlMmJmYjczMC1lY2FhLTExZTYtOGY4OC0zNDM2M2JjN2M0YzAiOnsiY3JlYXRlIjoyNTkyMDAwMDAwMDAwMDAsInVwZGF0ZSI6MjU5MjAwMDAwMDAwMDAwfSwic2NoZW1hX3ZlcnNpb24iOiIxIn0=",
          "dependencies": [
            "confluent_environment.SAMI"
          ]
        }
      ]
    }
  ]
}
